
Microsoft Visual Studio Solution File, Format Version 12.00
# Visual Studio Version 17
VisualStudioVersion = 17.4.33205.214
MinimumVisualStudioVersion = 10.0.40219.1
Project("{9A19103F-16F7-4668-BE54-9A1E7A4F7556}") = "finite-fields", "finite-fields\finite-fields.csproj", "{4A197210-6609-405A-8C21-1F637E7EACDC}"
EndProject
Project("{9A19103F-16F7-4668-BE54-9A1E7A4F7556}") = "finite-fields-tests", "finite-fields-tests\finite-fields-tests.csproj", "{FE379F11-03FB-489A-A988-1277EAEBBF39}"
EndProject
Project("{9A19103F-16F7-4668-BE54-9A1E7A4F7556}") = "crc-lib", "crc-lib\crc-lib.csproj", "{EAD931B8-9053-4A1B-BFE9-E07BFB822284}"
EndProject
Project("{FAE04EC0-301F-11D3-BF4B-00C04F79EFBC}") = "crc-lib-tests", "crc-lib-tests\crc-lib-tests.csproj", "{E8A9B903-A8C4-4224-9FFF-29C0E80ECB5F}"
EndProject
Global
	GlobalSection(SolutionConfigurationPlatforms) = preSolution
		Debug|Any CPU = Debug|Any CPU
		Release|Any CPU = Release|Any CPU
	EndGlobalSection
	GlobalSection(ProjectConfigurationPlatforms) = postSolution
		{4A197210-6609-405A-8C21-1F637E7EACDC}.Debug|Any CPU.ActiveCfg = Debug|Any CPU
		{4A197210-6609-405A-8C21-1F637E7EACDC}.Debug|Any CPU.Build.0 = Debug|Any CPU
		{4A197210-6609-405A-8C21-1F637E7EACDC}.Release|Any CPU.ActiveCfg = Release|Any CPU
		{4A197210-6609-405A-8C21-1F637E7EACDC}.Release|Any CPU.Build.0 = Release|Any CPU
		{FE379F11-03FB-489A-A988-1277EAEBBF39}.Debug|Any CPU.ActiveCfg = Debug|Any CPU
		{FE379F11-03FB-489A-A988-1277EAEBBF39}.Debug|Any CPU.Build.0 = Debug|Any CPU
		{FE379F11-03FB-489A-A988-1277EAEBBF39}.Release|Any CPU.ActiveCfg = Release|Any CPU
		{FE379F11-03FB-489A-A988-1277EAEBBF39}.Release|Any CPU.Build.0 = Release|Any CPU
		{EAD931B8-9053-4A1B-BFE9-E07BFB822284}.Debug|Any CPU.ActiveCfg = Debug|Any CPU
		{EAD931B8-9053-4A1B-BFE9-E07BFB822284}.Debug|Any CPU.Build.0 = Debug|Any CPU
		{EAD931B8-9053-4A1B-BFE9-E07BFB822284}.Release|Any CPU.ActiveCfg = Release|Any CPU
		{EAD931B8-9053-4A1B-BFE9-E07BFB822284}.Release|Any CPU.Build.0 = Release|Any CPU
		{E8A9B903-A8C4-4224-9FFF-29C0E80ECB5F}.Debug|Any CPU.ActiveCfg = Debug|Any CPU
		{E8A9B903-A8C4-4224-9FFF-29C0E80ECB5F}.Debug|Any CPU.Build.0 = Debug|Any CPU
		{E8A9B903-A8C4-4224-9FFF-29C0E80ECB5F}.Release|Any CPU.ActiveCfg = Release|Any CPU
		{E8A9B903-A8C4-4224-9FFF-29C0E80ECB5F}.Release|Any CPU.Build.0 = Release|Any CPU
	EndGlobalSection
	GlobalSection(SolutionProperties) = preSolution
		HideSolutionNode = FALSE
	EndGlobalSection
	GlobalSection(ExtensibilityGlobals) = postSolution
		SolutionGuid = {88CB68D8-AD2F-46C5-9A97-C2CB352BCDA9}
	EndGlobalSection
EndGlobal
